
Microsoft Visual Studio Solution File, Format Version 12.00
# Visual Studio Version 17
VisualStudioVersion = 17.4.33213.308
MinimumVisualStudioVersion = 10.0.40219.1
Project("{FAE04EC0-301F-11D3-BF4B-00C04F79EFBC}") = "GenshinCalendar", "GenshinCalendar.csproj", "{365CFB97-CEB4-4519-AAD3-F451E57FE190}"
EndProject
Global
	GlobalSection(SolutionConfigurationPlatforms) = preSolution
		Debug|Any CPU = Debug|Any CPU
		Release|Any CPU = Release|Any CPU
	EndGlobalSection
	GlobalSection(ProjectConfigurationPlatforms) = postSolution
		{365CFB97-CEB4-4519-AAD3-F451E57FE190}.Debug|Any CPU.ActiveCfg = Debug|Any CPU
		{365CFB97-CEB4-4519-AAD3-F451E57FE190}.Debug|Any CPU.Build.0 = Debug|Any CPU
		{365CFB97-CEB4-4519-AAD3-F451E57FE190}.Release|Any CPU.ActiveCfg = Release|Any CPU
		{365CFB97-CEB4-4519-AAD3-F451E57FE190}.Release|Any CPU.Build.0 = Release|Any CPU
	EndGlobalSection
	GlobalSection(SolutionProperties) = preSolution
		HideSolutionNode = FALSE
	EndGlobalSection
	GlobalSection(ExtensibilityGlobals) = postSolution
		SolutionGuid = {EF4BAE4F-97D2-48CA-9417-4CC9E2E016C1}
	EndGlobalSection
EndGlobal
